
Microsoft Visual Studio Solution File, Format Version 12.00
# Visual Studio Version 16
VisualStudioVersion = 16.0.34407.143
MinimumVisualStudioVersion = 10.0.40219.1
Project("{FAE04EC0-301F-11D3-BF4B-00C04F79EFBC}") = "FirstDotNet5App", "FirstDotNet5App.csproj", "{D13FB724-6406-4517-BA2C-0888D5E2111E}"
EndProject
Global
	GlobalSection(SolutionConfigurationPlatforms) = preSolution
		Debug|Any CPU = Debug|Any CPU
		Release|Any CPU = Release|Any CPU
	EndGlobalSection
	GlobalSection(ProjectConfigurationPlatforms) = postSolution
		{D13FB724-6406-4517-BA2C-0888D5E2111E}.Debug|Any CPU.ActiveCfg = Debug|Any CPU
		{D13FB724-6406-4517-BA2C-0888D5E2111E}.Debug|Any CPU.Build.0 = Debug|Any CPU
		{D13FB724-6406-4517-BA2C-0888D5E2111E}.Release|Any CPU.ActiveCfg = Release|Any CPU
		{D13FB724-6406-4517-BA2C-0888D5E2111E}.Release|Any CPU.Build.0 = Release|Any CPU
	EndGlobalSection
	GlobalSection(SolutionProperties) = preSolution
		HideSolutionNode = FALSE
	EndGlobalSection
	GlobalSection(ExtensibilityGlobals) = postSolution
		SolutionGuid = {8A9EE728-B322-484C-A95C-72E4BE4FEA1C}
	EndGlobalSection
EndGlobal
